
Microsoft Visual Studio Solution File, Format Version 12.00
# Visual Studio 15
VisualStudioVersion = 15.0.27130.2010
MinimumVisualStudioVersion = 10.0.40219.1
Project("{9A19103F-16F7-4668-BE54-9A1E7A4F7556}") = "DotNetTracking", "DotNetTracking\DotNetTracking.csproj", "{B505D13F-C01D-4D8E-8698-04DFB7718187}"
EndProject
Project("{FAE04EC0-301F-11D3-BF4B-00C04F79EFBC}") = "DotNetTracking.Tests", "DotNetTracking.Tests\DotNetTracking.Tests.csproj", "{ADD34C89-8C36-4EE9-9DCD-E042E62446A0}"
EndProject
Global
	GlobalSection(SolutionConfigurationPlatforms) = preSolution
		Debug|Any CPU = Debug|Any CPU
		Release|Any CPU = Release|Any CPU
	EndGlobalSection
	GlobalSection(ProjectConfigurationPlatforms) = postSolution
		{B505D13F-C01D-4D8E-8698-04DFB7718187}.Debug|Any CPU.ActiveCfg = Debug|Any CPU
		{B505D13F-C01D-4D8E-8698-04DFB7718187}.Debug|Any CPU.Build.0 = Debug|Any CPU
		{B505D13F-C01D-4D8E-8698-04DFB7718187}.Release|Any CPU.ActiveCfg = Release|Any CPU
		{B505D13F-C01D-4D8E-8698-04DFB7718187}.Release|Any CPU.Build.0 = Release|Any CPU
		{ADD34C89-8C36-4EE9-9DCD-E042E62446A0}.Debug|Any CPU.ActiveCfg = Debug|Any CPU
		{ADD34C89-8C36-4EE9-9DCD-E042E62446A0}.Debug|Any CPU.Build.0 = Debug|Any CPU
		{ADD34C89-8C36-4EE9-9DCD-E042E62446A0}.Release|Any CPU.ActiveCfg = Release|Any CPU
		{ADD34C89-8C36-4EE9-9DCD-E042E62446A0}.Release|Any CPU.Build.0 = Release|Any CPU
	EndGlobalSection
	GlobalSection(SolutionProperties) = preSolution
		HideSolutionNode = FALSE
	EndGlobalSection
	GlobalSection(ExtensibilityGlobals) = postSolution
		SolutionGuid = {BF74D2C6-56BC-4590-B4AD-BE92083EF956}
	EndGlobalSection
EndGlobal
