
Microsoft Visual Studio Solution File, Format Version 12.00
# Visual Studio 15
VisualStudioVersion = 15.0.27130.2010
MinimumVisualStudioVersion = 10.0.40219.1
Project("{9A19103F-16F7-4668-BE54-9A1E7A4F7556}") = "DotNetTracking", "DotNetTracking\DotNetTracking.csproj", "{8E95BAE7-251E-479C-B854-6C376699E9A0}"
EndProject
Project("{9A19103F-16F7-4668-BE54-9A1E7A4F7556}") = "DotNetTracking.Tests", "DotNetTracking.Tests\DotNetTracking.Tests.csproj", "{531AA1D4-3CD3-47ED-9D25-2C32086AF16A}"
EndProject
Global
	GlobalSection(SolutionConfigurationPlatforms) = preSolution
		Debug|Any CPU = Debug|Any CPU
		Release|Any CPU = Release|Any CPU
	EndGlobalSection
	GlobalSection(ProjectConfigurationPlatforms) = postSolution
		{8E95BAE7-251E-479C-B854-6C376699E9A0}.Debug|Any CPU.ActiveCfg = Debug|Any CPU
		{8E95BAE7-251E-479C-B854-6C376699E9A0}.Debug|Any CPU.Build.0 = Debug|Any CPU
		{8E95BAE7-251E-479C-B854-6C376699E9A0}.Release|Any CPU.ActiveCfg = Release|Any CPU
		{8E95BAE7-251E-479C-B854-6C376699E9A0}.Release|Any CPU.Build.0 = Release|Any CPU
		{531AA1D4-3CD3-47ED-9D25-2C32086AF16A}.Debug|Any CPU.ActiveCfg = Debug|Any CPU
		{531AA1D4-3CD3-47ED-9D25-2C32086AF16A}.Debug|Any CPU.Build.0 = Debug|Any CPU
		{531AA1D4-3CD3-47ED-9D25-2C32086AF16A}.Release|Any CPU.ActiveCfg = Release|Any CPU
		{531AA1D4-3CD3-47ED-9D25-2C32086AF16A}.Release|Any CPU.Build.0 = Release|Any CPU
	EndGlobalSection
	GlobalSection(SolutionProperties) = preSolution
		HideSolutionNode = FALSE
	EndGlobalSection
	GlobalSection(ExtensibilityGlobals) = postSolution
		SolutionGuid = {D9FD4F8C-CC0C-46AA-A8E6-463BA5E55226}
	EndGlobalSection
EndGlobal
